
Microsoft Visual Studio Solution File, Format Version 12.00
# Visual Studio Version 16
VisualStudioVersion = 16.0.29926.136
MinimumVisualStudioVersion = 10.0.40219.1
Project("{9A19103F-16F7-4668-BE54-9A1E7A4F7556}") = "SampleWithEFCore", "SampleWithEFCore\SampleWithEFCore.csproj", "{953DBC32-14CE-467A-A4B0-4ED383C072A9}"
EndProject
Project("{9A19103F-16F7-4668-BE54-9A1E7A4F7556}") = "SampleWithEF6", "SampleWithEF6\SampleWithEF6.csproj", "{94AFA214-822C-44F2-9F39-3C8E0BD21004}"
EndProject
Project("{FAE04EC0-301F-11D3-BF4B-00C04F79EFBC}") = "EF6", "EF6\EF6.csproj", "{43FB7A76-65B3-4717-A2DF-15377F1242D7}"
EndProject
Project("{2150E333-8FDC-42A3-9474-1A3956D46DE8}") = "EntityFrameworkCore2.1", "EntityFrameworkCore2.1", "{63C43649-DFFF-427E-B4AB-7A60E8C1962F}"
EndProject
Project("{2150E333-8FDC-42A3-9474-1A3956D46DE8}") = "EntityFramework6", "EntityFramework6", "{6732A57A-0A8D-4EAD-BEB0-13A61B67A3C6}"
EndProject
Project("{2150E333-8FDC-42A3-9474-1A3956D46DE8}") = "EntityFrameworkCore3.1", "EntityFrameworkCore3.1", "{E6B764AA-C0C0-4308-A505-8652E338579E}"
EndProject
Project("{FAE04EC0-301F-11D3-BF4B-00C04F79EFBC}") = "SampleWithEFCore3.1", "SampleWithEFCore3.1\SampleWithEFCore3.1.csproj", "{A66DDC33-7020-4776-AC74-659305FEC1DA}"
	ProjectSection(ProjectDependencies) = postProject
		{A447FA80-62CA-49CD-9E76-931A708478A9} = {A447FA80-62CA-49CD-9E76-931A708478A9}
	EndProjectSection
EndProject
Project("{2150E333-8FDC-42A3-9474-1A3956D46DE8}") = "DAL", "DAL", "{8FE58C1C-299D-4572-8C78-5721B4637796}"
EndProject
Project("{FAE04EC0-301F-11D3-BF4B-00C04F79EFBC}") = "SampleWithEFCore.DAL", "SampleWithEFCore.DAL\SampleWithEFCore.DAL.csproj", "{A447FA80-62CA-49CD-9E76-931A708478A9}"
EndProject
Global
	GlobalSection(SolutionConfigurationPlatforms) = preSolution
		Debug|Any CPU = Debug|Any CPU
		Release|Any CPU = Release|Any CPU
	EndGlobalSection
	GlobalSection(ProjectConfigurationPlatforms) = postSolution
		{953DBC32-14CE-467A-A4B0-4ED383C072A9}.Debug|Any CPU.ActiveCfg = Debug|Any CPU
		{953DBC32-14CE-467A-A4B0-4ED383C072A9}.Debug|Any CPU.Build.0 = Debug|Any CPU
		{953DBC32-14CE-467A-A4B0-4ED383C072A9}.Release|Any CPU.ActiveCfg = Release|Any CPU
		{953DBC32-14CE-467A-A4B0-4ED383C072A9}.Release|Any CPU.Build.0 = Release|Any CPU
		{94AFA214-822C-44F2-9F39-3C8E0BD21004}.Debug|Any CPU.ActiveCfg = Debug|Any CPU
		{94AFA214-822C-44F2-9F39-3C8E0BD21004}.Debug|Any CPU.Build.0 = Debug|Any CPU
		{94AFA214-822C-44F2-9F39-3C8E0BD21004}.Release|Any CPU.ActiveCfg = Release|Any CPU
		{94AFA214-822C-44F2-9F39-3C8E0BD21004}.Release|Any CPU.Build.0 = Release|Any CPU
		{43FB7A76-65B3-4717-A2DF-15377F1242D7}.Debug|Any CPU.ActiveCfg = Debug|Any CPU
		{43FB7A76-65B3-4717-A2DF-15377F1242D7}.Debug|Any CPU.Build.0 = Debug|Any CPU
		{43FB7A76-65B3-4717-A2DF-15377F1242D7}.Release|Any CPU.ActiveCfg = Release|Any CPU
		{43FB7A76-65B3-4717-A2DF-15377F1242D7}.Release|Any CPU.Build.0 = Release|Any CPU
		{A66DDC33-7020-4776-AC74-659305FEC1DA}.Debug|Any CPU.ActiveCfg = Debug|Any CPU
		{A66DDC33-7020-4776-AC74-659305FEC1DA}.Debug|Any CPU.Build.0 = Debug|Any CPU
		{A66DDC33-7020-4776-AC74-659305FEC1DA}.Release|Any CPU.ActiveCfg = Release|Any CPU
		{A66DDC33-7020-4776-AC74-659305FEC1DA}.Release|Any CPU.Build.0 = Release|Any CPU
		{A447FA80-62CA-49CD-9E76-931A708478A9}.Debug|Any CPU.ActiveCfg = Debug|Any CPU
		{A447FA80-62CA-49CD-9E76-931A708478A9}.Debug|Any CPU.Build.0 = Debug|Any CPU
		{A447FA80-62CA-49CD-9E76-931A708478A9}.Release|Any CPU.ActiveCfg = Release|Any CPU
		{A447FA80-62CA-49CD-9E76-931A708478A9}.Release|Any CPU.Build.0 = Release|Any CPU
	EndGlobalSection
	GlobalSection(SolutionProperties) = preSolution
		HideSolutionNode = FALSE
	EndGlobalSection
	GlobalSection(NestedProjects) = preSolution
		{953DBC32-14CE-467A-A4B0-4ED383C072A9} = {63C43649-DFFF-427E-B4AB-7A60E8C1962F}
		{94AFA214-822C-44F2-9F39-3C8E0BD21004} = {6732A57A-0A8D-4EAD-BEB0-13A61B67A3C6}
		{43FB7A76-65B3-4717-A2DF-15377F1242D7} = {6732A57A-0A8D-4EAD-BEB0-13A61B67A3C6}
		{A66DDC33-7020-4776-AC74-659305FEC1DA} = {E6B764AA-C0C0-4308-A505-8652E338579E}
	EndGlobalSection
	GlobalSection(ExtensibilityGlobals) = postSolution
		SolutionGuid = {D8D5BEF0-39DF-401F-BD28-63A3556D3E2B}
	EndGlobalSection
EndGlobal
